
Microsoft Visual Studio Solution File, Format Version 12.00
# Visual Studio Version 17
Project("{8BC9CEB8-8B4A-11D0-8D11-00A0C91BC942}") = "ALL_BUILD", "ALL_BUILD.vcxproj", "{D8148DA8-5D68-3424-BBEA-DB531655D3F6}"
	ProjectSection(ProjectDependencies) = postProject
		{EB799E62-7099-32EC-8419-B9586B93856D} = {EB799E62-7099-32EC-8419-B9586B93856D}
		{E087B58A-7F9F-377D-BD4C-B7AE90FD812F} = {E087B58A-7F9F-377D-BD4C-B7AE90FD812F}
		{FCB7D581-43F1-394B-AA69-DCA2B211392E} = {FCB7D581-43F1-394B-AA69-DCA2B211392E}
		{814AC56B-7EC0-3B73-8DAB-D111BA42BFF4} = {814AC56B-7EC0-3B73-8DAB-D111BA42BFF4}
		{F9429048-F98F-3CDB-9AC1-589194C11FB5} = {F9429048-F98F-3CDB-9AC1-589194C11FB5}
		{BF9B236A-F6BC-37B7-AFC5-5B7CCFB552AE} = {BF9B236A-F6BC-37B7-AFC5-5B7CCFB552AE}
		{C7B7E108-4658-3A32-AEF4-D1742BC2D1AC} = {C7B7E108-4658-3A32-AEF4-D1742BC2D1AC}
		{35EC522F-06AE-3D96-BE4C-75E07BD5B9CA} = {35EC522F-06AE-3D96-BE4C-75E07BD5B9CA}
	EndProjectSection
EndProject
Project("{8BC9CEB8-8B4A-11D0-8D11-00A0C91BC942}") = "INSTALL", "INSTALL.vcxproj", "{15EBED80-3742-3485-99F6-566151A54CEC}"
	ProjectSection(ProjectDependencies) = postProject
		{D8148DA8-5D68-3424-BBEA-DB531655D3F6} = {D8148DA8-5D68-3424-BBEA-DB531655D3F6}
		{EB799E62-7099-32EC-8419-B9586B93856D} = {EB799E62-7099-32EC-8419-B9586B93856D}
	EndProjectSection
EndProject
Project("{8BC9CEB8-8B4A-11D0-8D11-00A0C91BC942}") = "ZERO_CHECK", "ZERO_CHECK.vcxproj", "{EB799E62-7099-32EC-8419-B9586B93856D}"
	ProjectSection(ProjectDependencies) = postProject
	EndProjectSection
EndProject
Project("{8BC9CEB8-8B4A-11D0-8D11-00A0C91BC942}") = "dolby", "runner\dolby.vcxproj", "{E087B58A-7F9F-377D-BD4C-B7AE90FD812F}"
	ProjectSection(ProjectDependencies) = postProject
		{EB799E62-7099-32EC-8419-B9586B93856D} = {EB799E62-7099-32EC-8419-B9586B93856D}
		{6F7BC330-F787-393B-B70E-4301578709B8} = {6F7BC330-F787-393B-B70E-4301578709B8}
		{FCB7D581-43F1-394B-AA69-DCA2B211392E} = {FCB7D581-43F1-394B-AA69-DCA2B211392E}
		{F9429048-F98F-3CDB-9AC1-589194C11FB5} = {F9429048-F98F-3CDB-9AC1-589194C11FB5}
		{BF9B236A-F6BC-37B7-AFC5-5B7CCFB552AE} = {BF9B236A-F6BC-37B7-AFC5-5B7CCFB552AE}
		{35EC522F-06AE-3D96-BE4C-75E07BD5B9CA} = {35EC522F-06AE-3D96-BE4C-75E07BD5B9CA}
	EndProjectSection
EndProject
Project("{8BC9CEB8-8B4A-11D0-8D11-00A0C91BC942}") = "flutter_assemble", "flutter\flutter_assemble.vcxproj", "{6F7BC330-F787-393B-B70E-4301578709B8}"
	ProjectSection(ProjectDependencies) = postProject
		{EB799E62-7099-32EC-8419-B9586B93856D} = {EB799E62-7099-32EC-8419-B9586B93856D}
	EndProjectSection
EndProject
Project("{8BC9CEB8-8B4A-11D0-8D11-00A0C91BC942}") = "flutter_wrapper_app", "flutter\flutter_wrapper_app.vcxproj", "{FCB7D581-43F1-394B-AA69-DCA2B211392E}"
	ProjectSection(ProjectDependencies) = postProject
		{EB799E62-7099-32EC-8419-B9586B93856D} = {EB799E62-7099-32EC-8419-B9586B93856D}
		{6F7BC330-F787-393B-B70E-4301578709B8} = {6F7BC330-F787-393B-B70E-4301578709B8}
	EndProjectSection
EndProject
Project("{8BC9CEB8-8B4A-11D0-8D11-00A0C91BC942}") = "flutter_wrapper_plugin", "flutter\flutter_wrapper_plugin.vcxproj", "{814AC56B-7EC0-3B73-8DAB-D111BA42BFF4}"
	ProjectSection(ProjectDependencies) = postProject
		{EB799E62-7099-32EC-8419-B9586B93856D} = {EB799E62-7099-32EC-8419-B9586B93856D}
		{6F7BC330-F787-393B-B70E-4301578709B8} = {6F7BC330-F787-393B-B70E-4301578709B8}
	EndProjectSection
EndProject
Project("{8BC9CEB8-8B4A-11D0-8D11-00A0C91BC942}") = "permission_handler_windows_plugin", "plugins\permission_handler_windows\permission_handler_windows_plugin.vcxproj", "{F9429048-F98F-3CDB-9AC1-589194C11FB5}"
	ProjectSection(ProjectDependencies) = postProject
		{EB799E62-7099-32EC-8419-B9586B93856D} = {EB799E62-7099-32EC-8419-B9586B93856D}
		{6F7BC330-F787-393B-B70E-4301578709B8} = {6F7BC330-F787-393B-B70E-4301578709B8}
		{814AC56B-7EC0-3B73-8DAB-D111BA42BFF4} = {814AC56B-7EC0-3B73-8DAB-D111BA42BFF4}
	EndProjectSection
EndProject
Project("{8BC9CEB8-8B4A-11D0-8D11-00A0C91BC942}") = "url_launcher_windows_plugin", "plugins\url_launcher_windows\url_launcher_windows_plugin.vcxproj", "{BF9B236A-F6BC-37B7-AFC5-5B7CCFB552AE}"
	ProjectSection(ProjectDependencies) = postProject
		{EB799E62-7099-32EC-8419-B9586B93856D} = {EB799E62-7099-32EC-8419-B9586B93856D}
		{6F7BC330-F787-393B-B70E-4301578709B8} = {6F7BC330-F787-393B-B70E-4301578709B8}
		{814AC56B-7EC0-3B73-8DAB-D111BA42BFF4} = {814AC56B-7EC0-3B73-8DAB-D111BA42BFF4}
	EndProjectSection
EndProject
Project("{8BC9CEB8-8B4A-11D0-8D11-00A0C91BC942}") = "webview_windows_DEPENDENCIES_DOWNLOAD", "plugins\webview_windows\webview_windows_DEPENDENCIES_DOWNLOAD.vcxproj", "{C7B7E108-4658-3A32-AEF4-D1742BC2D1AC}"
	ProjectSection(ProjectDependencies) = postProject
		{EB799E62-7099-32EC-8419-B9586B93856D} = {EB799E62-7099-32EC-8419-B9586B93856D}
	EndProjectSection
EndProject
Project("{8BC9CEB8-8B4A-11D0-8D11-00A0C91BC942}") = "webview_windows_plugin", "plugins\webview_windows\webview_windows_plugin.vcxproj", "{35EC522F-06AE-3D96-BE4C-75E07BD5B9CA}"
	ProjectSection(ProjectDependencies) = postProject
		{EB799E62-7099-32EC-8419-B9586B93856D} = {EB799E62-7099-32EC-8419-B9586B93856D}
		{6F7BC330-F787-393B-B70E-4301578709B8} = {6F7BC330-F787-393B-B70E-4301578709B8}
		{814AC56B-7EC0-3B73-8DAB-D111BA42BFF4} = {814AC56B-7EC0-3B73-8DAB-D111BA42BFF4}
	EndProjectSection
EndProject
Global
	GlobalSection(SolutionConfigurationPlatforms) = preSolution
		Debug|x64 = Debug|x64
		Profile|x64 = Profile|x64
		Release|x64 = Release|x64
	EndGlobalSection
	GlobalSection(ProjectConfigurationPlatforms) = postSolution
		{D8148DA8-5D68-3424-BBEA-DB531655D3F6}.Debug|x64.ActiveCfg = Debug|x64
		{D8148DA8-5D68-3424-BBEA-DB531655D3F6}.Debug|x64.Build.0 = Debug|x64
		{D8148DA8-5D68-3424-BBEA-DB531655D3F6}.Profile|x64.ActiveCfg = Profile|x64
		{D8148DA8-5D68-3424-BBEA-DB531655D3F6}.Profile|x64.Build.0 = Profile|x64
		{D8148DA8-5D68-3424-BBEA-DB531655D3F6}.Release|x64.ActiveCfg = Release|x64
		{D8148DA8-5D68-3424-BBEA-DB531655D3F6}.Release|x64.Build.0 = Release|x64
		{15EBED80-3742-3485-99F6-566151A54CEC}.Debug|x64.ActiveCfg = Debug|x64
		{15EBED80-3742-3485-99F6-566151A54CEC}.Debug|x64.Build.0 = Debug|x64
		{15EBED80-3742-3485-99F6-566151A54CEC}.Profile|x64.ActiveCfg = Profile|x64
		{15EBED80-3742-3485-99F6-566151A54CEC}.Profile|x64.Build.0 = Profile|x64
		{15EBED80-3742-3485-99F6-566151A54CEC}.Release|x64.ActiveCfg = Release|x64
		{15EBED80-3742-3485-99F6-566151A54CEC}.Release|x64.Build.0 = Release|x64
		{EB799E62-7099-32EC-8419-B9586B93856D}.Debug|x64.ActiveCfg = Debug|x64
		{EB799E62-7099-32EC-8419-B9586B93856D}.Debug|x64.Build.0 = Debug|x64
		{EB799E62-7099-32EC-8419-B9586B93856D}.Profile|x64.ActiveCfg = Profile|x64
		{EB799E62-7099-32EC-8419-B9586B93856D}.Profile|x64.Build.0 = Profile|x64
		{EB799E62-7099-32EC-8419-B9586B93856D}.Release|x64.ActiveCfg = Release|x64
		{EB799E62-7099-32EC-8419-B9586B93856D}.Release|x64.Build.0 = Release|x64
		{E087B58A-7F9F-377D-BD4C-B7AE90FD812F}.Debug|x64.ActiveCfg = Debug|x64
		{E087B58A-7F9F-377D-BD4C-B7AE90FD812F}.Debug|x64.Build.0 = Debug|x64
		{E087B58A-7F9F-377D-BD4C-B7AE90FD812F}.Profile|x64.ActiveCfg = Profile|x64
		{E087B58A-7F9F-377D-BD4C-B7AE90FD812F}.Profile|x64.Build.0 = Profile|x64
		{E087B58A-7F9F-377D-BD4C-B7AE90FD812F}.Release|x64.ActiveCfg = Release|x64
		{E087B58A-7F9F-377D-BD4C-B7AE90FD812F}.Release|x64.Build.0 = Release|x64
		{6F7BC330-F787-393B-B70E-4301578709B8}.Debug|x64.ActiveCfg = Debug|x64
		{6F7BC330-F787-393B-B70E-4301578709B8}.Debug|x64.Build.0 = Debug|x64
		{6F7BC330-F787-393B-B70E-4301578709B8}.Profile|x64.ActiveCfg = Profile|x64
		{6F7BC330-F787-393B-B70E-4301578709B8}.Profile|x64.Build.0 = Profile|x64
		{6F7BC330-F787-393B-B70E-4301578709B8}.Release|x64.ActiveCfg = Release|x64
		{6F7BC330-F787-393B-B70E-4301578709B8}.Release|x64.Build.0 = Release|x64
		{FCB7D581-43F1-394B-AA69-DCA2B211392E}.Debug|x64.ActiveCfg = Debug|x64
		{FCB7D581-43F1-394B-AA69-DCA2B211392E}.Debug|x64.Build.0 = Debug|x64
		{FCB7D581-43F1-394B-AA69-DCA2B211392E}.Profile|x64.ActiveCfg = Profile|x64
		{FCB7D581-43F1-394B-AA69-DCA2B211392E}.Profile|x64.Build.0 = Profile|x64
		{FCB7D581-43F1-394B-AA69-DCA2B211392E}.Release|x64.ActiveCfg = Release|x64
		{FCB7D581-43F1-394B-AA69-DCA2B211392E}.Release|x64.Build.0 = Release|x64
		{814AC56B-7EC0-3B73-8DAB-D111BA42BFF4}.Debug|x64.ActiveCfg = Debug|x64
		{814AC56B-7EC0-3B73-8DAB-D111BA42BFF4}.Debug|x64.Build.0 = Debug|x64
		{814AC56B-7EC0-3B73-8DAB-D111BA42BFF4}.Profile|x64.ActiveCfg = Profile|x64
		{814AC56B-7EC0-3B73-8DAB-D111BA42BFF4}.Profile|x64.Build.0 = Profile|x64
		{814AC56B-7EC0-3B73-8DAB-D111BA42BFF4}.Release|x64.ActiveCfg = Release|x64
		{814AC56B-7EC0-3B73-8DAB-D111BA42BFF4}.Release|x64.Build.0 = Release|x64
		{F9429048-F98F-3CDB-9AC1-589194C11FB5}.Debug|x64.ActiveCfg = Debug|x64
		{F9429048-F98F-3CDB-9AC1-589194C11FB5}.Debug|x64.Build.0 = Debug|x64
		{F9429048-F98F-3CDB-9AC1-589194C11FB5}.Profile|x64.ActiveCfg = Profile|x64
		{F9429048-F98F-3CDB-9AC1-589194C11FB5}.Profile|x64.Build.0 = Profile|x64
		{F9429048-F98F-3CDB-9AC1-589194C11FB5}.Release|x64.ActiveCfg = Release|x64
		{F9429048-F98F-3CDB-9AC1-589194C11FB5}.Release|x64.Build.0 = Release|x64
		{BF9B236A-F6BC-37B7-AFC5-5B7CCFB552AE}.Debug|x64.ActiveCfg = Debug|x64
		{BF9B236A-F6BC-37B7-AFC5-5B7CCFB552AE}.Debug|x64.Build.0 = Debug|x64
		{BF9B236A-F6BC-37B7-AFC5-5B7CCFB552AE}.Profile|x64.ActiveCfg = Profile|x64
		{BF9B236A-F6BC-37B7-AFC5-5B7CCFB552AE}.Profile|x64.Build.0 = Profile|x64
		{BF9B236A-F6BC-37B7-AFC5-5B7CCFB552AE}.Release|x64.ActiveCfg = Release|x64
		{BF9B236A-F6BC-37B7-AFC5-5B7CCFB552AE}.Release|x64.Build.0 = Release|x64
		{C7B7E108-4658-3A32-AEF4-D1742BC2D1AC}.Debug|x64.ActiveCfg = Debug|x64
		{C7B7E108-4658-3A32-AEF4-D1742BC2D1AC}.Debug|x64.Build.0 = Debug|x64
		{C7B7E108-4658-3A32-AEF4-D1742BC2D1AC}.Profile|x64.ActiveCfg = Profile|x64
		{C7B7E108-4658-3A32-AEF4-D1742BC2D1AC}.Profile|x64.Build.0 = Profile|x64
		{C7B7E108-4658-3A32-AEF4-D1742BC2D1AC}.Release|x64.ActiveCfg = Release|x64
		{C7B7E108-4658-3A32-AEF4-D1742BC2D1AC}.Release|x64.Build.0 = Release|x64
		{35EC522F-06AE-3D96-BE4C-75E07BD5B9CA}.Debug|x64.ActiveCfg = Debug|x64
		{35EC522F-06AE-3D96-BE4C-75E07BD5B9CA}.Debug|x64.Build.0 = Debug|x64
		{35EC522F-06AE-3D96-BE4C-75E07BD5B9CA}.Profile|x64.ActiveCfg = Profile|x64
		{35EC522F-06AE-3D96-BE4C-75E07BD5B9CA}.Profile|x64.Build.0 = Profile|x64
		{35EC522F-06AE-3D96-BE4C-75E07BD5B9CA}.Release|x64.ActiveCfg = Release|x64
		{35EC522F-06AE-3D96-BE4C-75E07BD5B9CA}.Release|x64.Build.0 = Release|x64
	EndGlobalSection
	GlobalSection(ExtensibilityGlobals) = postSolution
		SolutionGuid = {0589ED09-E8BB-3C3A-BEEF-2B4232149143}
	EndGlobalSection
	GlobalSection(ExtensibilityAddIns) = postSolution
	EndGlobalSection
EndGlobal
